
Microsoft Visual Studio Solution File, Format Version 12.00
# Visual Studio 15
VisualStudioVersion = 15.0.26124.0
MinimumVisualStudioVersion = 15.0.26124.0
Project("{2150E333-8FDC-42A3-9474-1A3956D46DE8}") = "src", "src", "{F9E4B184-FCA1-466D-936F-49F9B3AD3FA1}"
EndProject
Project("{FAE04EC0-301F-11D3-BF4B-00C04F79EFBC}") = "EnvVariableTest", "src\EnvVariableTest\EnvVariableTest.csproj", "{F2B356E3-083A-4D24-A525-4AFDAA7713FB}"
EndProject
Project("{FAE04EC0-301F-11D3-BF4B-00C04F79EFBC}") = "Consumer", "src\Consumer\Consumer.csproj", "{28F2467F-AACD-481E-9721-7A5AF6FA456C}"
EndProject
Project("{FAE04EC0-301F-11D3-BF4B-00C04F79EFBC}") = "Producer", "src\Producer\Producer.csproj", "{EF8A0920-763B-4570-B534-DE72FE336209}"
EndProject
Project("{FAE04EC0-301F-11D3-BF4B-00C04F79EFBC}") = "Messages", "src\Messages\Messages.csproj", "{C0866081-5E9B-4AB1-B967-04AC700268B1}"
EndProject
Project("{2150E333-8FDC-42A3-9474-1A3956D46DE8}") = "src_new", "src_new", "{F83B5596-84F8-4EA8-890C-C1361883D47E}"
EndProject
Project("{FAE04EC0-301F-11D3-BF4B-00C04F79EFBC}") = "FirstBlazor", "src_new\FirstBlazor\FirstBlazor.csproj", "{6BD770E8-C38A-4BAC-838F-201258FF6F8F}"
EndProject
Project("{FAE04EC0-301F-11D3-BF4B-00C04F79EFBC}") = "FirstMicroservice", "src_new\FirstMicroservice\FirstMicroservice.csproj", "{DF13E7C3-EE4B-4294-9404-EA8FB55C5C84}"
EndProject
Project("{FAE04EC0-301F-11D3-BF4B-00C04F79EFBC}") = "MessageLibrary", "src_new\MessageLibrary\MessageLibrary.csproj", "{F071050E-4DED-449A-B086-7ECF33F44278}"
EndProject
Project("{FAE04EC0-301F-11D3-BF4B-00C04F79EFBC}") = "SecondBlazor", "src_new\SecondBlazor\SecondBlazor.csproj", "{CEE19F38-DF2E-4ECE-8778-DC0056C1438D}"
EndProject
Project("{FAE04EC0-301F-11D3-BF4B-00C04F79EFBC}") = "SecondMicroservice", "src_new\SecondMicroservice\SecondMicroservice.csproj", "{62DDA4AE-0CC9-403F-A9F5-AD496959456E}"
EndProject
Project("{2150E333-8FDC-42A3-9474-1A3956D46DE8}") = "src_console", "src_console", "{7558A473-AAC7-4A7A-A9A4-3F03B0D5400C}"
EndProject
Project("{FAE04EC0-301F-11D3-BF4B-00C04F79EFBC}") = "Consumer", "src_console\Consumer\Consumer.csproj", "{E02D2FDD-DBB9-4CE0-A45D-90F9097B17A0}"
EndProject
Project("{FAE04EC0-301F-11D3-BF4B-00C04F79EFBC}") = "Message", "src_console\Message\Message.csproj", "{04A5A69E-BA4C-4EE9-92C1-FE073B2EA8C9}"
EndProject
Project("{FAE04EC0-301F-11D3-BF4B-00C04F79EFBC}") = "Producer", "src_console\Producer\Producer.csproj", "{6E2D4540-3481-4375-8762-47C2D9B710F0}"
EndProject
Project("{2150E333-8FDC-42A3-9474-1A3956D46DE8}") = "src_yandex", "src_yandex", "{BD7C3542-2D01-4226-B7D4-F607B6BA9D82}"
EndProject
Project("{FAE04EC0-301F-11D3-BF4B-00C04F79EFBC}") = "tts", "src_yandex\tts\tts.csproj", "{D7C9E073-B94F-4BFA-B222-DDEEE6B0D946}"
EndProject
Project("{2150E333-8FDC-42A3-9474-1A3956D46DE8}") = "src_Identity", "src_Identity", "{177E8A4F-10F6-4C45-BD2E-9239C1712F19}"
EndProject
Project("{FAE04EC0-301F-11D3-BF4B-00C04F79EFBC}") = "IdentityASPNetCore", "src_Identity\IdentityASPNetCore\IdentityASPNetCore.csproj", "{8F2AD992-58D5-41A2-A3C6-A42780A1C90A}"
EndProject
Project("{FAE04EC0-301F-11D3-BF4B-00C04F79EFBC}") = "WebApp1", "src_Identity\WebApp1\WebApp1.csproj", "{F96A68A6-1F76-446E-88FA-D0E885D159BB}"
EndProject
Global
	GlobalSection(SolutionConfigurationPlatforms) = preSolution
		Debug|Any CPU = Debug|Any CPU
		Debug|x64 = Debug|x64
		Debug|x86 = Debug|x86
		Release|Any CPU = Release|Any CPU
		Release|x64 = Release|x64
		Release|x86 = Release|x86
	EndGlobalSection
	GlobalSection(SolutionProperties) = preSolution
		HideSolutionNode = FALSE
	EndGlobalSection
	GlobalSection(ProjectConfigurationPlatforms) = postSolution
		{F2B356E3-083A-4D24-A525-4AFDAA7713FB}.Debug|Any CPU.ActiveCfg = Debug|Any CPU
		{F2B356E3-083A-4D24-A525-4AFDAA7713FB}.Debug|Any CPU.Build.0 = Debug|Any CPU
		{F2B356E3-083A-4D24-A525-4AFDAA7713FB}.Debug|x64.ActiveCfg = Debug|Any CPU
		{F2B356E3-083A-4D24-A525-4AFDAA7713FB}.Debug|x64.Build.0 = Debug|Any CPU
		{F2B356E3-083A-4D24-A525-4AFDAA7713FB}.Debug|x86.ActiveCfg = Debug|Any CPU
		{F2B356E3-083A-4D24-A525-4AFDAA7713FB}.Debug|x86.Build.0 = Debug|Any CPU
		{F2B356E3-083A-4D24-A525-4AFDAA7713FB}.Release|Any CPU.ActiveCfg = Release|Any CPU
		{F2B356E3-083A-4D24-A525-4AFDAA7713FB}.Release|Any CPU.Build.0 = Release|Any CPU
		{F2B356E3-083A-4D24-A525-4AFDAA7713FB}.Release|x64.ActiveCfg = Release|Any CPU
		{F2B356E3-083A-4D24-A525-4AFDAA7713FB}.Release|x64.Build.0 = Release|Any CPU
		{F2B356E3-083A-4D24-A525-4AFDAA7713FB}.Release|x86.ActiveCfg = Release|Any CPU
		{F2B356E3-083A-4D24-A525-4AFDAA7713FB}.Release|x86.Build.0 = Release|Any CPU
		{28F2467F-AACD-481E-9721-7A5AF6FA456C}.Debug|Any CPU.ActiveCfg = Debug|Any CPU
		{28F2467F-AACD-481E-9721-7A5AF6FA456C}.Debug|Any CPU.Build.0 = Debug|Any CPU
		{28F2467F-AACD-481E-9721-7A5AF6FA456C}.Debug|x64.ActiveCfg = Debug|Any CPU
		{28F2467F-AACD-481E-9721-7A5AF6FA456C}.Debug|x64.Build.0 = Debug|Any CPU
		{28F2467F-AACD-481E-9721-7A5AF6FA456C}.Debug|x86.ActiveCfg = Debug|Any CPU
		{28F2467F-AACD-481E-9721-7A5AF6FA456C}.Debug|x86.Build.0 = Debug|Any CPU
		{28F2467F-AACD-481E-9721-7A5AF6FA456C}.Release|Any CPU.ActiveCfg = Release|Any CPU
		{28F2467F-AACD-481E-9721-7A5AF6FA456C}.Release|Any CPU.Build.0 = Release|Any CPU
		{28F2467F-AACD-481E-9721-7A5AF6FA456C}.Release|x64.ActiveCfg = Release|Any CPU
		{28F2467F-AACD-481E-9721-7A5AF6FA456C}.Release|x64.Build.0 = Release|Any CPU
		{28F2467F-AACD-481E-9721-7A5AF6FA456C}.Release|x86.ActiveCfg = Release|Any CPU
		{28F2467F-AACD-481E-9721-7A5AF6FA456C}.Release|x86.Build.0 = Release|Any CPU
		{EF8A0920-763B-4570-B534-DE72FE336209}.Debug|Any CPU.ActiveCfg = Debug|Any CPU
		{EF8A0920-763B-4570-B534-DE72FE336209}.Debug|Any CPU.Build.0 = Debug|Any CPU
		{EF8A0920-763B-4570-B534-DE72FE336209}.Debug|x64.ActiveCfg = Debug|Any CPU
		{EF8A0920-763B-4570-B534-DE72FE336209}.Debug|x64.Build.0 = Debug|Any CPU
		{EF8A0920-763B-4570-B534-DE72FE336209}.Debug|x86.ActiveCfg = Debug|Any CPU
		{EF8A0920-763B-4570-B534-DE72FE336209}.Debug|x86.Build.0 = Debug|Any CPU
		{EF8A0920-763B-4570-B534-DE72FE336209}.Release|Any CPU.ActiveCfg = Release|Any CPU
		{EF8A0920-763B-4570-B534-DE72FE336209}.Release|Any CPU.Build.0 = Release|Any CPU
		{EF8A0920-763B-4570-B534-DE72FE336209}.Release|x64.ActiveCfg = Release|Any CPU
		{EF8A0920-763B-4570-B534-DE72FE336209}.Release|x64.Build.0 = Release|Any CPU
		{EF8A0920-763B-4570-B534-DE72FE336209}.Release|x86.ActiveCfg = Release|Any CPU
		{EF8A0920-763B-4570-B534-DE72FE336209}.Release|x86.Build.0 = Release|Any CPU
		{C0866081-5E9B-4AB1-B967-04AC700268B1}.Debug|Any CPU.ActiveCfg = Debug|Any CPU
		{C0866081-5E9B-4AB1-B967-04AC700268B1}.Debug|Any CPU.Build.0 = Debug|Any CPU
		{C0866081-5E9B-4AB1-B967-04AC700268B1}.Debug|x64.ActiveCfg = Debug|Any CPU
		{C0866081-5E9B-4AB1-B967-04AC700268B1}.Debug|x64.Build.0 = Debug|Any CPU
		{C0866081-5E9B-4AB1-B967-04AC700268B1}.Debug|x86.ActiveCfg = Debug|Any CPU
		{C0866081-5E9B-4AB1-B967-04AC700268B1}.Debug|x86.Build.0 = Debug|Any CPU
		{C0866081-5E9B-4AB1-B967-04AC700268B1}.Release|Any CPU.ActiveCfg = Release|Any CPU
		{C0866081-5E9B-4AB1-B967-04AC700268B1}.Release|Any CPU.Build.0 = Release|Any CPU
		{C0866081-5E9B-4AB1-B967-04AC700268B1}.Release|x64.ActiveCfg = Release|Any CPU
		{C0866081-5E9B-4AB1-B967-04AC700268B1}.Release|x64.Build.0 = Release|Any CPU
		{C0866081-5E9B-4AB1-B967-04AC700268B1}.Release|x86.ActiveCfg = Release|Any CPU
		{C0866081-5E9B-4AB1-B967-04AC700268B1}.Release|x86.Build.0 = Release|Any CPU
		{6BD770E8-C38A-4BAC-838F-201258FF6F8F}.Debug|Any CPU.ActiveCfg = Debug|Any CPU
		{6BD770E8-C38A-4BAC-838F-201258FF6F8F}.Debug|Any CPU.Build.0 = Debug|Any CPU
		{6BD770E8-C38A-4BAC-838F-201258FF6F8F}.Debug|x64.ActiveCfg = Debug|Any CPU
		{6BD770E8-C38A-4BAC-838F-201258FF6F8F}.Debug|x64.Build.0 = Debug|Any CPU
		{6BD770E8-C38A-4BAC-838F-201258FF6F8F}.Debug|x86.ActiveCfg = Debug|Any CPU
		{6BD770E8-C38A-4BAC-838F-201258FF6F8F}.Debug|x86.Build.0 = Debug|Any CPU
		{6BD770E8-C38A-4BAC-838F-201258FF6F8F}.Release|Any CPU.ActiveCfg = Release|Any CPU
		{6BD770E8-C38A-4BAC-838F-201258FF6F8F}.Release|Any CPU.Build.0 = Release|Any CPU
		{6BD770E8-C38A-4BAC-838F-201258FF6F8F}.Release|x64.ActiveCfg = Release|Any CPU
		{6BD770E8-C38A-4BAC-838F-201258FF6F8F}.Release|x64.Build.0 = Release|Any CPU
		{6BD770E8-C38A-4BAC-838F-201258FF6F8F}.Release|x86.ActiveCfg = Release|Any CPU
		{6BD770E8-C38A-4BAC-838F-201258FF6F8F}.Release|x86.Build.0 = Release|Any CPU
		{DF13E7C3-EE4B-4294-9404-EA8FB55C5C84}.Debug|Any CPU.ActiveCfg = Debug|Any CPU
		{DF13E7C3-EE4B-4294-9404-EA8FB55C5C84}.Debug|Any CPU.Build.0 = Debug|Any CPU
		{DF13E7C3-EE4B-4294-9404-EA8FB55C5C84}.Debug|x64.ActiveCfg = Debug|Any CPU
		{DF13E7C3-EE4B-4294-9404-EA8FB55C5C84}.Debug|x64.Build.0 = Debug|Any CPU
		{DF13E7C3-EE4B-4294-9404-EA8FB55C5C84}.Debug|x86.ActiveCfg = Debug|Any CPU
		{DF13E7C3-EE4B-4294-9404-EA8FB55C5C84}.Debug|x86.Build.0 = Debug|Any CPU
		{DF13E7C3-EE4B-4294-9404-EA8FB55C5C84}.Release|Any CPU.ActiveCfg = Release|Any CPU
		{DF13E7C3-EE4B-4294-9404-EA8FB55C5C84}.Release|Any CPU.Build.0 = Release|Any CPU
		{DF13E7C3-EE4B-4294-9404-EA8FB55C5C84}.Release|x64.ActiveCfg = Release|Any CPU
		{DF13E7C3-EE4B-4294-9404-EA8FB55C5C84}.Release|x64.Build.0 = Release|Any CPU
		{DF13E7C3-EE4B-4294-9404-EA8FB55C5C84}.Release|x86.ActiveCfg = Release|Any CPU
		{DF13E7C3-EE4B-4294-9404-EA8FB55C5C84}.Release|x86.Build.0 = Release|Any CPU
		{F071050E-4DED-449A-B086-7ECF33F44278}.Debug|Any CPU.ActiveCfg = Debug|Any CPU
		{F071050E-4DED-449A-B086-7ECF33F44278}.Debug|Any CPU.Build.0 = Debug|Any CPU
		{F071050E-4DED-449A-B086-7ECF33F44278}.Debug|x64.ActiveCfg = Debug|Any CPU
		{F071050E-4DED-449A-B086-7ECF33F44278}.Debug|x64.Build.0 = Debug|Any CPU
		{F071050E-4DED-449A-B086-7ECF33F44278}.Debug|x86.ActiveCfg = Debug|Any CPU
		{F071050E-4DED-449A-B086-7ECF33F44278}.Debug|x86.Build.0 = Debug|Any CPU
		{F071050E-4DED-449A-B086-7ECF33F44278}.Release|Any CPU.ActiveCfg = Release|Any CPU
		{F071050E-4DED-449A-B086-7ECF33F44278}.Release|Any CPU.Build.0 = Release|Any CPU
		{F071050E-4DED-449A-B086-7ECF33F44278}.Release|x64.ActiveCfg = Release|Any CPU
		{F071050E-4DED-449A-B086-7ECF33F44278}.Release|x64.Build.0 = Release|Any CPU
		{F071050E-4DED-449A-B086-7ECF33F44278}.Release|x86.ActiveCfg = Release|Any CPU
		{F071050E-4DED-449A-B086-7ECF33F44278}.Release|x86.Build.0 = Release|Any CPU
		{CEE19F38-DF2E-4ECE-8778-DC0056C1438D}.Debug|Any CPU.ActiveCfg = Debug|Any CPU
		{CEE19F38-DF2E-4ECE-8778-DC0056C1438D}.Debug|Any CPU.Build.0 = Debug|Any CPU
		{CEE19F38-DF2E-4ECE-8778-DC0056C1438D}.Debug|x64.ActiveCfg = Debug|Any CPU
		{CEE19F38-DF2E-4ECE-8778-DC0056C1438D}.Debug|x64.Build.0 = Debug|Any CPU
		{CEE19F38-DF2E-4ECE-8778-DC0056C1438D}.Debug|x86.ActiveCfg = Debug|Any CPU
		{CEE19F38-DF2E-4ECE-8778-DC0056C1438D}.Debug|x86.Build.0 = Debug|Any CPU
		{CEE19F38-DF2E-4ECE-8778-DC0056C1438D}.Release|Any CPU.ActiveCfg = Release|Any CPU
		{CEE19F38-DF2E-4ECE-8778-DC0056C1438D}.Release|Any CPU.Build.0 = Release|Any CPU
		{CEE19F38-DF2E-4ECE-8778-DC0056C1438D}.Release|x64.ActiveCfg = Release|Any CPU
		{CEE19F38-DF2E-4ECE-8778-DC0056C1438D}.Release|x64.Build.0 = Release|Any CPU
		{CEE19F38-DF2E-4ECE-8778-DC0056C1438D}.Release|x86.ActiveCfg = Release|Any CPU
		{CEE19F38-DF2E-4ECE-8778-DC0056C1438D}.Release|x86.Build.0 = Release|Any CPU
		{62DDA4AE-0CC9-403F-A9F5-AD496959456E}.Debug|Any CPU.ActiveCfg = Debug|Any CPU
		{62DDA4AE-0CC9-403F-A9F5-AD496959456E}.Debug|Any CPU.Build.0 = Debug|Any CPU
		{62DDA4AE-0CC9-403F-A9F5-AD496959456E}.Debug|x64.ActiveCfg = Debug|Any CPU
		{62DDA4AE-0CC9-403F-A9F5-AD496959456E}.Debug|x64.Build.0 = Debug|Any CPU
		{62DDA4AE-0CC9-403F-A9F5-AD496959456E}.Debug|x86.ActiveCfg = Debug|Any CPU
		{62DDA4AE-0CC9-403F-A9F5-AD496959456E}.Debug|x86.Build.0 = Debug|Any CPU
		{62DDA4AE-0CC9-403F-A9F5-AD496959456E}.Release|Any CPU.ActiveCfg = Release|Any CPU
		{62DDA4AE-0CC9-403F-A9F5-AD496959456E}.Release|Any CPU.Build.0 = Release|Any CPU
		{62DDA4AE-0CC9-403F-A9F5-AD496959456E}.Release|x64.ActiveCfg = Release|Any CPU
		{62DDA4AE-0CC9-403F-A9F5-AD496959456E}.Release|x64.Build.0 = Release|Any CPU
		{62DDA4AE-0CC9-403F-A9F5-AD496959456E}.Release|x86.ActiveCfg = Release|Any CPU
		{62DDA4AE-0CC9-403F-A9F5-AD496959456E}.Release|x86.Build.0 = Release|Any CPU
		{E02D2FDD-DBB9-4CE0-A45D-90F9097B17A0}.Debug|Any CPU.ActiveCfg = Debug|Any CPU
		{E02D2FDD-DBB9-4CE0-A45D-90F9097B17A0}.Debug|Any CPU.Build.0 = Debug|Any CPU
		{E02D2FDD-DBB9-4CE0-A45D-90F9097B17A0}.Debug|x64.ActiveCfg = Debug|Any CPU
		{E02D2FDD-DBB9-4CE0-A45D-90F9097B17A0}.Debug|x64.Build.0 = Debug|Any CPU
		{E02D2FDD-DBB9-4CE0-A45D-90F9097B17A0}.Debug|x86.ActiveCfg = Debug|Any CPU
		{E02D2FDD-DBB9-4CE0-A45D-90F9097B17A0}.Debug|x86.Build.0 = Debug|Any CPU
		{E02D2FDD-DBB9-4CE0-A45D-90F9097B17A0}.Release|Any CPU.ActiveCfg = Release|Any CPU
		{E02D2FDD-DBB9-4CE0-A45D-90F9097B17A0}.Release|Any CPU.Build.0 = Release|Any CPU
		{E02D2FDD-DBB9-4CE0-A45D-90F9097B17A0}.Release|x64.ActiveCfg = Release|Any CPU
		{E02D2FDD-DBB9-4CE0-A45D-90F9097B17A0}.Release|x64.Build.0 = Release|Any CPU
		{E02D2FDD-DBB9-4CE0-A45D-90F9097B17A0}.Release|x86.ActiveCfg = Release|Any CPU
		{E02D2FDD-DBB9-4CE0-A45D-90F9097B17A0}.Release|x86.Build.0 = Release|Any CPU
		{04A5A69E-BA4C-4EE9-92C1-FE073B2EA8C9}.Debug|Any CPU.ActiveCfg = Debug|Any CPU
		{04A5A69E-BA4C-4EE9-92C1-FE073B2EA8C9}.Debug|Any CPU.Build.0 = Debug|Any CPU
		{04A5A69E-BA4C-4EE9-92C1-FE073B2EA8C9}.Debug|x64.ActiveCfg = Debug|Any CPU
		{04A5A69E-BA4C-4EE9-92C1-FE073B2EA8C9}.Debug|x64.Build.0 = Debug|Any CPU
		{04A5A69E-BA4C-4EE9-92C1-FE073B2EA8C9}.Debug|x86.ActiveCfg = Debug|Any CPU
		{04A5A69E-BA4C-4EE9-92C1-FE073B2EA8C9}.Debug|x86.Build.0 = Debug|Any CPU
		{04A5A69E-BA4C-4EE9-92C1-FE073B2EA8C9}.Release|Any CPU.ActiveCfg = Release|Any CPU
		{04A5A69E-BA4C-4EE9-92C1-FE073B2EA8C9}.Release|Any CPU.Build.0 = Release|Any CPU
		{04A5A69E-BA4C-4EE9-92C1-FE073B2EA8C9}.Release|x64.ActiveCfg = Release|Any CPU
		{04A5A69E-BA4C-4EE9-92C1-FE073B2EA8C9}.Release|x64.Build.0 = Release|Any CPU
		{04A5A69E-BA4C-4EE9-92C1-FE073B2EA8C9}.Release|x86.ActiveCfg = Release|Any CPU
		{04A5A69E-BA4C-4EE9-92C1-FE073B2EA8C9}.Release|x86.Build.0 = Release|Any CPU
		{6E2D4540-3481-4375-8762-47C2D9B710F0}.Debug|Any CPU.ActiveCfg = Debug|Any CPU
		{6E2D4540-3481-4375-8762-47C2D9B710F0}.Debug|Any CPU.Build.0 = Debug|Any CPU
		{6E2D4540-3481-4375-8762-47C2D9B710F0}.Debug|x64.ActiveCfg = Debug|Any CPU
		{6E2D4540-3481-4375-8762-47C2D9B710F0}.Debug|x64.Build.0 = Debug|Any CPU
		{6E2D4540-3481-4375-8762-47C2D9B710F0}.Debug|x86.ActiveCfg = Debug|Any CPU
		{6E2D4540-3481-4375-8762-47C2D9B710F0}.Debug|x86.Build.0 = Debug|Any CPU
		{6E2D4540-3481-4375-8762-47C2D9B710F0}.Release|Any CPU.ActiveCfg = Release|Any CPU
		{6E2D4540-3481-4375-8762-47C2D9B710F0}.Release|Any CPU.Build.0 = Release|Any CPU
		{6E2D4540-3481-4375-8762-47C2D9B710F0}.Release|x64.ActiveCfg = Release|Any CPU
		{6E2D4540-3481-4375-8762-47C2D9B710F0}.Release|x64.Build.0 = Release|Any CPU
		{6E2D4540-3481-4375-8762-47C2D9B710F0}.Release|x86.ActiveCfg = Release|Any CPU
		{6E2D4540-3481-4375-8762-47C2D9B710F0}.Release|x86.Build.0 = Release|Any CPU
		{D7C9E073-B94F-4BFA-B222-DDEEE6B0D946}.Debug|Any CPU.ActiveCfg = Debug|Any CPU
		{D7C9E073-B94F-4BFA-B222-DDEEE6B0D946}.Debug|Any CPU.Build.0 = Debug|Any CPU
		{D7C9E073-B94F-4BFA-B222-DDEEE6B0D946}.Debug|x64.ActiveCfg = Debug|Any CPU
		{D7C9E073-B94F-4BFA-B222-DDEEE6B0D946}.Debug|x64.Build.0 = Debug|Any CPU
		{D7C9E073-B94F-4BFA-B222-DDEEE6B0D946}.Debug|x86.ActiveCfg = Debug|Any CPU
		{D7C9E073-B94F-4BFA-B222-DDEEE6B0D946}.Debug|x86.Build.0 = Debug|Any CPU
		{D7C9E073-B94F-4BFA-B222-DDEEE6B0D946}.Release|Any CPU.ActiveCfg = Release|Any CPU
		{D7C9E073-B94F-4BFA-B222-DDEEE6B0D946}.Release|Any CPU.Build.0 = Release|Any CPU
		{D7C9E073-B94F-4BFA-B222-DDEEE6B0D946}.Release|x64.ActiveCfg = Release|Any CPU
		{D7C9E073-B94F-4BFA-B222-DDEEE6B0D946}.Release|x64.Build.0 = Release|Any CPU
		{D7C9E073-B94F-4BFA-B222-DDEEE6B0D946}.Release|x86.ActiveCfg = Release|Any CPU
		{D7C9E073-B94F-4BFA-B222-DDEEE6B0D946}.Release|x86.Build.0 = Release|Any CPU
		{8F2AD992-58D5-41A2-A3C6-A42780A1C90A}.Debug|Any CPU.ActiveCfg = Debug|Any CPU
		{8F2AD992-58D5-41A2-A3C6-A42780A1C90A}.Debug|Any CPU.Build.0 = Debug|Any CPU
		{8F2AD992-58D5-41A2-A3C6-A42780A1C90A}.Debug|x64.ActiveCfg = Debug|Any CPU
		{8F2AD992-58D5-41A2-A3C6-A42780A1C90A}.Debug|x64.Build.0 = Debug|Any CPU
		{8F2AD992-58D5-41A2-A3C6-A42780A1C90A}.Debug|x86.ActiveCfg = Debug|Any CPU
		{8F2AD992-58D5-41A2-A3C6-A42780A1C90A}.Debug|x86.Build.0 = Debug|Any CPU
		{8F2AD992-58D5-41A2-A3C6-A42780A1C90A}.Release|Any CPU.ActiveCfg = Release|Any CPU
		{8F2AD992-58D5-41A2-A3C6-A42780A1C90A}.Release|Any CPU.Build.0 = Release|Any CPU
		{8F2AD992-58D5-41A2-A3C6-A42780A1C90A}.Release|x64.ActiveCfg = Release|Any CPU
		{8F2AD992-58D5-41A2-A3C6-A42780A1C90A}.Release|x64.Build.0 = Release|Any CPU
		{8F2AD992-58D5-41A2-A3C6-A42780A1C90A}.Release|x86.ActiveCfg = Release|Any CPU
		{8F2AD992-58D5-41A2-A3C6-A42780A1C90A}.Release|x86.Build.0 = Release|Any CPU
		{F96A68A6-1F76-446E-88FA-D0E885D159BB}.Debug|Any CPU.ActiveCfg = Debug|Any CPU
		{F96A68A6-1F76-446E-88FA-D0E885D159BB}.Debug|Any CPU.Build.0 = Debug|Any CPU
		{F96A68A6-1F76-446E-88FA-D0E885D159BB}.Debug|x64.ActiveCfg = Debug|Any CPU
		{F96A68A6-1F76-446E-88FA-D0E885D159BB}.Debug|x64.Build.0 = Debug|Any CPU
		{F96A68A6-1F76-446E-88FA-D0E885D159BB}.Debug|x86.ActiveCfg = Debug|Any CPU
		{F96A68A6-1F76-446E-88FA-D0E885D159BB}.Debug|x86.Build.0 = Debug|Any CPU
		{F96A68A6-1F76-446E-88FA-D0E885D159BB}.Release|Any CPU.ActiveCfg = Release|Any CPU
		{F96A68A6-1F76-446E-88FA-D0E885D159BB}.Release|Any CPU.Build.0 = Release|Any CPU
		{F96A68A6-1F76-446E-88FA-D0E885D159BB}.Release|x64.ActiveCfg = Release|Any CPU
		{F96A68A6-1F76-446E-88FA-D0E885D159BB}.Release|x64.Build.0 = Release|Any CPU
		{F96A68A6-1F76-446E-88FA-D0E885D159BB}.Release|x86.ActiveCfg = Release|Any CPU
		{F96A68A6-1F76-446E-88FA-D0E885D159BB}.Release|x86.Build.0 = Release|Any CPU
	EndGlobalSection
	GlobalSection(NestedProjects) = preSolution
		{F2B356E3-083A-4D24-A525-4AFDAA7713FB} = {F9E4B184-FCA1-466D-936F-49F9B3AD3FA1}
		{28F2467F-AACD-481E-9721-7A5AF6FA456C} = {F9E4B184-FCA1-466D-936F-49F9B3AD3FA1}
		{EF8A0920-763B-4570-B534-DE72FE336209} = {F9E4B184-FCA1-466D-936F-49F9B3AD3FA1}
		{C0866081-5E9B-4AB1-B967-04AC700268B1} = {F9E4B184-FCA1-466D-936F-49F9B3AD3FA1}
		{6BD770E8-C38A-4BAC-838F-201258FF6F8F} = {F83B5596-84F8-4EA8-890C-C1361883D47E}
		{DF13E7C3-EE4B-4294-9404-EA8FB55C5C84} = {F83B5596-84F8-4EA8-890C-C1361883D47E}
		{F071050E-4DED-449A-B086-7ECF33F44278} = {F83B5596-84F8-4EA8-890C-C1361883D47E}
		{CEE19F38-DF2E-4ECE-8778-DC0056C1438D} = {F83B5596-84F8-4EA8-890C-C1361883D47E}
		{62DDA4AE-0CC9-403F-A9F5-AD496959456E} = {F83B5596-84F8-4EA8-890C-C1361883D47E}
		{E02D2FDD-DBB9-4CE0-A45D-90F9097B17A0} = {7558A473-AAC7-4A7A-A9A4-3F03B0D5400C}
		{04A5A69E-BA4C-4EE9-92C1-FE073B2EA8C9} = {7558A473-AAC7-4A7A-A9A4-3F03B0D5400C}
		{6E2D4540-3481-4375-8762-47C2D9B710F0} = {7558A473-AAC7-4A7A-A9A4-3F03B0D5400C}
		{D7C9E073-B94F-4BFA-B222-DDEEE6B0D946} = {BD7C3542-2D01-4226-B7D4-F607B6BA9D82}
		{8F2AD992-58D5-41A2-A3C6-A42780A1C90A} = {177E8A4F-10F6-4C45-BD2E-9239C1712F19}
		{F96A68A6-1F76-446E-88FA-D0E885D159BB} = {177E8A4F-10F6-4C45-BD2E-9239C1712F19}
	EndGlobalSection
EndGlobal
